{
  "requires": true,
  "lockfileVersion": 1,
  "dependencies": {
    "all-the-package-names": {
      "version": "1.3793.0",
      "resolved": "https://registry.npmjs.org/all-the-package-names/-/all-the-package-names-1.3793.0.tgz",
      "integrity": "sha512-6f06AYpS4oSsSW0BBcLbLC2ogYvP1QVsBXPsNrPJ3aEFhKCmBGqCtBsql0oUhlZ1JaA+wPdpQnMQdC0VGKZXhA=="
    },
    "node-fetch": {
      "version": "2.6.0",
      "resolved": "https://registry.npmjs.org/node-fetch/-/node-fetch-2.6.0.tgz",
      "integrity": "sha512-8dG4H5ujfvFiqDmVu9fQ5bOHUC15JMjMY/Zumv26oOvvVJjM67KF8koCWIabKQ1GJIa9r2mMZscBq/TbdOcmNA=="
    }
  }
}
